
Microsoft Visual Studio Solution File, Format Version 12.00
# Visual Studio Version 17
VisualStudioVersion = 17.14.36202.13 d17.14
MinimumVisualStudioVersion = 10.0.40219.1
Project("{F2A71F9B-5D33-465A-A702-920D77279786}") = "lab1_3", "laba1\lab1_3.fsproj", "{18EFCC38-549D-407F-ACD1-4FA95631D650}"
EndProject
Project("{F2A71F9B-5D33-465A-A702-920D77279786}") = "lab1_2", "lab1_2\lab1_2.fsproj", "{AD042098-616F-4D71-8AD2-AE33043F9349}"
EndProject
Project("{F2A71F9B-5D33-465A-A702-920D77279786}") = "lab1_1", "lab1_1\lab1_1.fsproj", "{3126B568-256A-4896-9F54-DC78C045A802}"
EndProject
Global
	GlobalSection(SolutionConfigurationPlatforms) = preSolution
		Debug|Any CPU = Debug|Any CPU
		Release|Any CPU = Release|Any CPU
	EndGlobalSection
	GlobalSection(ProjectConfigurationPlatforms) = postSolution
		{18EFCC38-549D-407F-ACD1-4FA95631D650}.Debug|Any CPU.ActiveCfg = Debug|Any CPU
		{18EFCC38-549D-407F-ACD1-4FA95631D650}.Debug|Any CPU.Build.0 = Debug|Any CPU
		{18EFCC38-549D-407F-ACD1-4FA95631D650}.Release|Any CPU.ActiveCfg = Release|Any CPU
		{18EFCC38-549D-407F-ACD1-4FA95631D650}.Release|Any CPU.Build.0 = Release|Any CPU
		{AD042098-616F-4D71-8AD2-AE33043F9349}.Debug|Any CPU.ActiveCfg = Debug|Any CPU
		{AD042098-616F-4D71-8AD2-AE33043F9349}.Debug|Any CPU.Build.0 = Debug|Any CPU
		{AD042098-616F-4D71-8AD2-AE33043F9349}.Release|Any CPU.ActiveCfg = Release|Any CPU
		{AD042098-616F-4D71-8AD2-AE33043F9349}.Release|Any CPU.Build.0 = Release|Any CPU
		{3126B568-256A-4896-9F54-DC78C045A802}.Debug|Any CPU.ActiveCfg = Debug|Any CPU
		{3126B568-256A-4896-9F54-DC78C045A802}.Debug|Any CPU.Build.0 = Debug|Any CPU
		{3126B568-256A-4896-9F54-DC78C045A802}.Release|Any CPU.ActiveCfg = Release|Any CPU
		{3126B568-256A-4896-9F54-DC78C045A802}.Release|Any CPU.Build.0 = Release|Any CPU
	EndGlobalSection
	GlobalSection(SolutionProperties) = preSolution
		HideSolutionNode = FALSE
	EndGlobalSection
	GlobalSection(ExtensibilityGlobals) = postSolution
		SolutionGuid = {74492410-9173-4B19-9D68-578FF875FE69}
	EndGlobalSection
EndGlobal
